{
  "name": "@ashpfeif12/agentweb",
  "version": "0.1.0",
  "lockfileVersion": 3,
  "requires": true,
  "packages": {
    "": {
      "name": "@ashpfeif12/agentweb",
      "version": "0.1.0",
      "license": "MIT",
      "bin": {
        "agentweb": "cli.ts"
      },
      "engines": {
        "node": ">=20.0.0"
      }
    }
  }
}
